
Microsoft Visual Studio Solution File, Format Version 12.00
# Visual Studio Version 16
VisualStudioVersion = 16.0.31829.152
MinimumVisualStudioVersion = 10.0.40219.1
Project("{FAE04EC0-301F-11D3-BF4B-00C04F79EFBC}") = "YunqiLibrary", "YunqiLibrary\YunqiLibrary.csproj", "{23E4A57A-E217-447A-A657-4216CE972DCE}"
EndProject
Global
	GlobalSection(SolutionConfigurationPlatforms) = preSolution
		Debug|Any CPU = Debug|Any CPU
		Release|Any CPU = Release|Any CPU
	EndGlobalSection
	GlobalSection(ProjectConfigurationPlatforms) = postSolution
		{23E4A57A-E217-447A-A657-4216CE972DCE}.Debug|Any CPU.ActiveCfg = Debug|Any CPU
		{23E4A57A-E217-447A-A657-4216CE972DCE}.Debug|Any CPU.Build.0 = Debug|Any CPU
		{23E4A57A-E217-447A-A657-4216CE972DCE}.Release|Any CPU.ActiveCfg = Release|Any CPU
		{23E4A57A-E217-447A-A657-4216CE972DCE}.Release|Any CPU.Build.0 = Release|Any CPU
	EndGlobalSection
	GlobalSection(SolutionProperties) = preSolution
		HideSolutionNode = FALSE
	EndGlobalSection
	GlobalSection(ExtensibilityGlobals) = postSolution
		SolutionGuid = {55DCD3C9-2D78-4C7C-B24E-E40D3F2B124C}
	EndGlobalSection
EndGlobal
